
Microsoft Visual Studio Solution File, Format Version 12.00
# Visual Studio Version 17
VisualStudioVersion = 17.10.35013.160
MinimumVisualStudioVersion = 10.0.40219.1
Project("{FAE04EC0-301F-11D3-BF4B-00C04F79EFBC}") = "WebStore", "WebStore\WebStore.csproj", "{71F880F5-EE1A-4949-94D6-ACC5D6DBD7D5}"
EndProject
Project("{FAE04EC0-301F-11D3-BF4B-00C04F79EFBC}") = "Contracts", "Contracts\Contracts.csproj", "{85C6A15D-9903-40CC-A73F-5871A849A857}"
EndProject
Project("{FAE04EC0-301F-11D3-BF4B-00C04F79EFBC}") = "LoggerService", "LoggerService\LoggerService.csproj", "{23D1B088-B293-4B2F-9FE8-5BB56731AEA8}"
EndProject
Global
	GlobalSection(SolutionConfigurationPlatforms) = preSolution
		Debug|Any CPU = Debug|Any CPU
		Release|Any CPU = Release|Any CPU
	EndGlobalSection
	GlobalSection(ProjectConfigurationPlatforms) = postSolution
		{71F880F5-EE1A-4949-94D6-ACC5D6DBD7D5}.Debug|Any CPU.ActiveCfg = Debug|Any CPU
		{71F880F5-EE1A-4949-94D6-ACC5D6DBD7D5}.Debug|Any CPU.Build.0 = Debug|Any CPU
		{71F880F5-EE1A-4949-94D6-ACC5D6DBD7D5}.Release|Any CPU.ActiveCfg = Release|Any CPU
		{71F880F5-EE1A-4949-94D6-ACC5D6DBD7D5}.Release|Any CPU.Build.0 = Release|Any CPU
		{85C6A15D-9903-40CC-A73F-5871A849A857}.Debug|Any CPU.ActiveCfg = Debug|Any CPU
		{85C6A15D-9903-40CC-A73F-5871A849A857}.Debug|Any CPU.Build.0 = Debug|Any CPU
		{85C6A15D-9903-40CC-A73F-5871A849A857}.Release|Any CPU.ActiveCfg = Release|Any CPU
		{85C6A15D-9903-40CC-A73F-5871A849A857}.Release|Any CPU.Build.0 = Release|Any CPU
		{23D1B088-B293-4B2F-9FE8-5BB56731AEA8}.Debug|Any CPU.ActiveCfg = Debug|Any CPU
		{23D1B088-B293-4B2F-9FE8-5BB56731AEA8}.Debug|Any CPU.Build.0 = Debug|Any CPU
		{23D1B088-B293-4B2F-9FE8-5BB56731AEA8}.Release|Any CPU.ActiveCfg = Release|Any CPU
		{23D1B088-B293-4B2F-9FE8-5BB56731AEA8}.Release|Any CPU.Build.0 = Release|Any CPU
	EndGlobalSection
	GlobalSection(SolutionProperties) = preSolution
		HideSolutionNode = FALSE
	EndGlobalSection
	GlobalSection(ExtensibilityGlobals) = postSolution
		SolutionGuid = {E35EF49A-2F94-49F9-ACA8-706D3452AEEE}
	EndGlobalSection
EndGlobal
